// !$*UTF8*$!
{
	archiveVersion = 1;
	classes = {
	};
	objectVersion = 48;
	objects = {

/* Begin PBXBuildFile section */
		1B6EF1A12027D21E002605BC /* MovieCell.swift in Sources */ = {isa = PBXBuildFile; fileRef = 1B6EF1A02027D21E002605BC /* MovieCell.swift */; };
		1B7EBEEA2021128E003DD378 /* AppDelegate.swift in Sources */ = {isa = PBXBuildFile; fileRef = 1B7EBEE92021128E003DD378 /* AppDelegate.swift */; };
		1B7EBEEF2021128E003DD378 /* Main.storyboard in Resources */ = {isa = PBXBuildFile; fileRef = 1B7EBEED2021128E003DD378 /* Main.storyboard */; };
		1B7EBEF12021128E003DD378 /* Assets.xcassets in Resources */ = {isa = PBXBuildFile; fileRef = 1B7EBEF02021128E003DD378 /* Assets.xcassets */; };
		1B7EBEF42021128E003DD378 /* LaunchScreen.storyboard in Resources */ = {isa = PBXBuildFile; fileRef = 1B7EBEF22021128E003DD378 /* LaunchScreen.storyboard */; };
		1B7EBEFF2021128E003DD378 /* FlixTests.swift in Sources */ = {isa = PBXBuildFile; fileRef = 1B7EBEFE2021128E003DD378 /* FlixTests.swift */; };
		1B7EBF0A2021128E003DD378 /* FlixUITests.swift in Sources */ = {isa = PBXBuildFile; fileRef = 1B7EBF092021128E003DD378 /* FlixUITests.swift */; };
		1B7EBF8E2026F592003DD378 /* NowPlayingViewController.swift in Sources */ = {isa = PBXBuildFile; fileRef = 1B7EBF8D2026F592003DD378 /* NowPlayingViewController.swift */; };
		1BA42111203014CC003B1055 /* DetailViewController.swift in Sources */ = {isa = PBXBuildFile; fileRef = 1BA42110203014CC003B1055 /* DetailViewController.swift */; };
		1BA421132030E3BD003B1055 /* PosterCell.swift in Sources */ = {isa = PBXBuildFile; fileRef = 1BA421122030E3BD003B1055 /* PosterCell.swift */; };
		1BA421152030E508003B1055 /* SuperheroViewController.swift in Sources */ = {isa = PBXBuildFile; fileRef = 1BA421142030E508003B1055 /* SuperheroViewController.swift */; };
		1BA4215120313052003B1055 /* DetailViewController2.swift in Sources */ = {isa = PBXBuildFile; fileRef = 1BA4215020313052003B1055 /* DetailViewController2.swift */; };
		241BE98C323C8C69735B02D5 /* Pods_FlixUITests.framework in Frameworks */ = {isa = PBXBuildFile; fileRef = 75510BDD78F5748FB7E21615 /* Pods_FlixUITests.framework */; };
		33C3BA97EBE2B60504933ADD /* Pods_Flix.framework in Frameworks */ = {isa = PBXBuildFile; fileRef = C480F7C117A066DF34896540 /* Pods_Flix.framework */; };
		911944AA8317DF446E0FF692 /* Pods_FlixTests.framework in Frameworks */ = {isa = PBXBuildFile; fileRef = 383134A7B518FDA210B77954 /* Pods_FlixTests.framework */; };
/* End PBXBuildFile section */

/* Begin PBXContainerItemProxy section */
		1B7EBEFB2021128E003DD378 /* PBXContainerItemProxy */ = {
			isa = PBXContainerItemProxy;
			containerPortal = 1B7EBEDE2021128E003DD378 /* Project object */;
			proxyType = 1;
			remoteGlobalIDString = 1B7EBEE52021128E003DD378;
			remoteInfo = Flix;
		};
		1B7EBF062021128E003DD378 /* PBXContainerItemProxy */ = {
			isa = PBXContainerItemProxy;
			containerPortal = 1B7EBEDE2021128E003DD378 /* Project object */;
			proxyType = 1;
			remoteGlobalIDString = 1B7EBEE52021128E003DD378;
			remoteInfo = Flix;
		};
/* End PBXContainerItemProxy section */

/* Begin PBXFileReference section */
		1B6EF1A02027D21E002605BC /* MovieCell.swift */ = {isa = PBXFileReference; lastKnownFileType = sourcecode.swift; path = MovieCell.swift; sourceTree = "<group>"; };
		1B7EBEE62021128E003DD378 /* Flix.app */ = {isa = PBXFileReference; explicitFileType = wrapper.application; includeInIndex = 0; path = Flix.app; sourceTree = BUILT_PRODUCTS_DIR; };
		1B7EBEE92021128E003DD378 /* AppDelegate.swift */ = {isa = PBXFileReference; lastKnownFileType = sourcecode.swift; path = AppDelegate.swift; sourceTree = "<group>"; };
		1B7EBEEE2021128E003DD378 /* Base */ = {isa = PBXFileReference; lastKnownFileType = file.storyboard; name = Base; path = Base.lproj/Main.storyboard; sourceTree = "<group>"; };
		1B7EBEF02021128E003DD378 /* Assets.xcassets */ = {isa = PBXFileReference; lastKnownFileType = folder.assetcatalog; path = Assets.xcassets; sourceTree = "<group>"; };
		1B7EBEF32021128E003DD378 /* Base */ = {isa = PBXFileReference; lastKnownFileType = file.storyboard; name = Base; path = Base.lproj/LaunchScreen.storyboard; sourceTree = "<group>"; };
		1B7EBEF52021128E003DD378 /* Info.plist */ = {isa = PBXFileReference; lastKnownFileType = text.plist.xml; path = Info.plist; sourceTree = "<group>"; };
		1B7EBEFA2021128E003DD378 /* FlixTests.xctest */ = {isa = PBXFileReference; explicitFileType = wrapper.cfbundle; includeInIndex = 0; path = FlixTests.xctest; sourceTree = BUILT_PRODUCTS_DIR; };
		1B7EBEFE2021128E003DD378 /* FlixTests.swift */ = {isa = PBXFileReference; lastKnownFileType = sourcecode.swift; path = FlixTests.swift; sourceTree = "<group>"; };
		1B7EBF002021128E003DD378 /* Info.plist */ = {isa = PBXFileReference; lastKnownFileType = text.plist.xml; path = Info.plist; sourceTree = "<group>"; };
		1B7EBF052021128E003DD378 /* FlixUITests.xctest */ = {isa = PBXFileReference; explicitFileType = wrapper.cfbundle; includeInIndex = 0; path = FlixUITests.xctest; sourceTree = BUILT_PRODUCTS_DIR; };
		1B7EBF092021128E003DD378 /* FlixUITests.swift */ = {isa = PBXFileReference; lastKnownFileType = sourcecode.swift; path = FlixUITests.swift; sourceTree = "<group>"; };
		1B7EBF0B2021128E003DD378 /* Info.plist */ = {isa = PBXFileReference; lastKnownFileType = text.plist.xml; path = Info.plist; sourceTree = "<group>"; };
		1B7EBF8D2026F592003DD378 /* NowPlayingViewController.swift */ = {isa = PBXFileReference; fileEncoding = 4; lastKnownFileType = sourcecode.swift; lineEnding = 0; path = NowPlayingViewController.swift; sourceTree = "<group>"; };
		1BA42110203014CC003B1055 /* DetailViewController.swift */ = {isa = PBXFileReference; lastKnownFileType = sourcecode.swift; path = DetailViewController.swift; sourceTree = "<group>"; };
		1BA421122030E3BD003B1055 /* PosterCell.swift */ = {isa = PBXFileReference; lastKnownFileType = sourcecode.swift; path = PosterCell.swift; sourceTree = "<group>"; };
		1BA421142030E508003B1055 /* SuperheroViewController.swift */ = {isa = PBXFileReference; lastKnownFileType = sourcecode.swift; path = SuperheroViewController.swift; sourceTree = "<group>"; };
		1BA4215020313052003B1055 /* DetailViewController2.swift */ = {isa = PBXFileReference; lastKnownFileType = sourcecode.swift; path = DetailViewController2.swift; sourceTree = "<group>"; };
		344F45FF4E92286D40883C19 /* Pods-Flix.debug.xcconfig */ = {isa = PBXFileReference; includeInIndex = 1; lastKnownFileType = text.xcconfig; name = "Pods-Flix.debug.xcconfig"; path = "Pods/Target Support Files/Pods-Flix/Pods-Flix.debug.xcconfig"; sourceTree = "<group>"; };
		383134A7B518FDA210B77954 /* Pods_FlixTests.framework */ = {isa = PBXFileReference; explicitFileType = wrapper.framework; includeInIndex = 0; path = Pods_FlixTests.framework; sourceTree = BUILT_PRODUCTS_DIR; };
		5FB8E1241E02508A56C40969 /* Pods-FlixUITests.release.xcconfig */ = {isa = PBXFileReference; includeInIndex = 1; lastKnownFileType = text.xcconfig; name = "Pods-FlixUITests.release.xcconfig"; path = "Pods/Target Support Files/Pods-FlixUITests/Pods-FlixUITests.release.xcconfig"; sourceTree = "<group>"; };
		75510BDD78F5748FB7E21615 /* Pods_FlixUITests.framework */ = {isa = PBXFileReference; explicitFileType = wrapper.framework; includeInIndex = 0; path = Pods_FlixUITests.framework; sourceTree = BUILT_PRODUCTS_DIR; };
		9837E4EE372AEAA5BC113786 /* Pods-FlixTests.release.xcconfig */ = {isa = PBXFileReference; includeInIndex = 1; lastKnownFileType = text.xcconfig; name = "Pods-FlixTests.release.xcconfig"; path = "Pods/Target Support Files/Pods-FlixTests/Pods-FlixTests.release.xcconfig"; sourceTree = "<group>"; };
		9A81467F7E40F1C7A6823659 /* Pods-FlixUITests.debug.xcconfig */ = {isa = PBXFileReference; includeInIndex = 1; lastKnownFileType = text.xcconfig; name = "Pods-FlixUITests.debug.xcconfig"; path = "Pods/Target Support Files/Pods-FlixUITests/Pods-FlixUITests.debug.xcconfig"; sourceTree = "<group>"; };
		A452A50DC368BA7A15DFF0DA /* Pods-Flix.release.xcconfig */ = {isa = PBXFileReference; includeInIndex = 1; lastKnownFileType = text.xcconfig; name = "Pods-Flix.release.xcconfig"; path = "Pods/Target Support Files/Pods-Flix/Pods-Flix.release.xcconfig"; sourceTree = "<group>"; };
		C480F7C117A066DF34896540 /* Pods_Flix.framework */ = {isa = PBXFileReference; explicitFileType = wrapper.framework; includeInIndex = 0; path = Pods_Flix.framework; sourceTree = BUILT_PRODUCTS_DIR; };
		E83F8656895511AD019F5EBC /* Pods-FlixTests.debug.xcconfig */ = {isa = PBXFileReference; includeInIndex = 1; lastKnownFileType = text.xcconfig; name = "Pods-FlixTests.debug.xcconfig"; path = "Pods/Target Support Files/Pods-FlixTests/Pods-FlixTests.debug.xcconfig"; sourceTree = "<group>"; };
/* End PBXFileReference section */

/* Begin PBXFrameworksBuildPhase section */
		1B7EBEE32021128E003DD378 /* Frameworks */ = {
			isa = PBXFrameworksBuildPhase;
			buildActionMask = 2147483647;
			files = (
				33C3BA97EBE2B60504933ADD /* Pods_Flix.framework in Frameworks */,
			);
			runOnlyForDeploymentPostprocessing = 0;
		};
		1B7EBEF72021128E003DD378 /* Frameworks */ = {
			isa = PBXFrameworksBuildPhase;
			buildActionMask = 2147483647;
			files = (
				911944AA8317DF446E0FF692 /* Pods_FlixTests.framework in Frameworks */,
			);
			runOnlyForDeploymentPostprocessing = 0;
		};
		1B7EBF022021128E003DD378 /* Frameworks */ = {
			isa = PBXFrameworksBuildPhase;
			buildActionMask = 2147483647;
			files = (
				241BE98C323C8C69735B02D5 /* Pods_FlixUITests.framework in Frameworks */,
			);
			runOnlyForDeploymentPostprocessing = 0;
		};
/* End PBXFrameworksBuildPhase section */

/* Begin PBXGroup section */
		1B7EBEDD2021128E003DD378 = {
			isa = PBXGroup;
			children = (
				1B7EBEE82021128E003DD378 /* Flix */,
				1B7EBEFD2021128E003DD378 /* FlixTests */,
				1B7EBF082021128E003DD378 /* FlixUITests */,
				1B7EBEE72021128E003DD378 /* Products */,
				92EFBB5BEFDD771444203E0F /* Pods */,
				A127090A931E1AF5BBB041AA /* Frameworks */,
			);
			sourceTree = "<group>";
		};
		1B7EBEE72021128E003DD378 /* Products */ = {
			isa = PBXGroup;
			children = (
				1B7EBEE62021128E003DD378 /* Flix.app */,
				1B7EBEFA2021128E003DD378 /* FlixTests.xctest */,
				1B7EBF052021128E003DD378 /* FlixUITests.xctest */,
			);
			name = Products;
			sourceTree = "<group>";
		};
		1B7EBEE82021128E003DD378 /* Flix */ = {
			isa = PBXGroup;
			children = (
				1B6EF1A02027D21E002605BC /* MovieCell.swift */,
				1BA421122030E3BD003B1055 /* PosterCell.swift */,
				1BA4210F2030145D003B1055 /* Views */,
				1BA4210E20301446003B1055 /* ViewControllers */,
				1B7EBEE92021128E003DD378 /* AppDelegate.swift */,
				1B7EBEED2021128E003DD378 /* Main.storyboard */,
				1B7EBEF02021128E003DD378 /* Assets.xcassets */,
				1B7EBEF22021128E003DD378 /* LaunchScreen.storyboard */,
				1B7EBEF52021128E003DD378 /* Info.plist */,
			);
			path = Flix;
			sourceTree = "<group>";
		};
		1B7EBEFD2021128E003DD378 /* FlixTests */ = {
			isa = PBXGroup;
			children = (
				1B7EBEFE2021128E003DD378 /* FlixTests.swift */,
				1B7EBF002021128E003DD378 /* Info.plist */,
			);
			path = FlixTests;
			sourceTree = "<group>";
		};
		1B7EBF082021128E003DD378 /* FlixUITests */ = {
			isa = PBXGroup;
			children = (
				1B7EBF092021128E003DD378 /* FlixUITests.swift */,
				1B7EBF0B2021128E003DD378 /* Info.plist */,
			);
			path = FlixUITests;
			sourceTree = "<group>";
		};
		1BA4210E20301446003B1055 /* ViewControllers */ = {
			isa = PBXGroup;
			children = (
				1B7EBF8D2026F592003DD378 /* NowPlayingViewController.swift */,
				1BA42110203014CC003B1055 /* DetailViewController.swift */,
				1BA421142030E508003B1055 /* SuperheroViewController.swift */,
				1BA4215020313052003B1055 /* DetailViewController2.swift */,
			);
			path = ViewControllers;
			sourceTree = "<group>";
		};
		1BA4210F2030145D003B1055 /* Views */ = {
			isa = PBXGroup;
			children = (
			);
			path = Views;
			sourceTree = "<group>";
		};
		92EFBB5BEFDD771444203E0F /* Pods */ = {
			isa = PBXGroup;
			children = (
				344F45FF4E92286D40883C19 /* Pods-Flix.debug.xcconfig */,
				A452A50DC368BA7A15DFF0DA /* Pods-Flix.release.xcconfig */,
				E83F8656895511AD019F5EBC /* Pods-FlixTests.debug.xcconfig */,
				9837E4EE372AEAA5BC113786 /* Pods-FlixTests.release.xcconfig */,
				9A81467F7E40F1C7A6823659 /* Pods-FlixUITests.debug.xcconfig */,
				5FB8E1241E02508A56C40969 /* Pods-FlixUITests.release.xcconfig */,
			);
			name = Pods;
			sourceTree = "<group>";
		};
		A127090A931E1AF5BBB041AA /* Frameworks */ = {
			isa = PBXGroup;
			children = (
				C480F7C117A066DF34896540 /* Pods_Flix.framework */,
				383134A7B518FDA210B77954 /* Pods_FlixTests.framework */,
				75510BDD78F5748FB7E21615 /* Pods_FlixUITests.framework */,
			);
			name = Frameworks;
			sourceTree = "<group>";
		};
/* End PBXGroup section */

/* Begin PBXNativeTarget section */
		1B7EBEE52021128E003DD378 /* Flix */ = {
			isa = PBXNativeTarget;
			buildConfigurationList = 1B7EBF0E2021128E003DD378 /* Build configuration list for PBXNativeTarget "Flix" */;
			buildPhases = (
				0A38111769EF8837F2136A7B /* [CP] Check Pods Manifest.lock */,
				1B7EBEE22021128E003DD378 /* Sources */,
				1B7EBEE32021128E003DD378 /* Frameworks */,
				1B7EBEE42021128E003DD378 /* Resources */,
				BAD9B912AA035BA84AA857A3 /* [CP] Embed Pods Frameworks */,
				2911CB1BB65E12EABC3F6749 /* [CP] Copy Pods Resources */,
			);
			buildRules = (
			);
			dependencies = (
			);
			name = Flix;
			productName = Flix;
			productReference = 1B7EBEE62021128E003DD378 /* Flix.app */;
			productType = "com.apple.product-type.application";
		};
		1B7EBEF92021128E003DD378 /* FlixTests */ = {
			isa = PBXNativeTarget;
			buildConfigurationList = 1B7EBF112021128E003DD378 /* Build configuration list for PBXNativeTarget "FlixTests" */;
			buildPhases = (
				0D8703867C4214F5BF91FADD /* [CP] Check Pods Manifest.lock */,
				1B7EBEF62021128E003DD378 /* Sources */,
				1B7EBEF72021128E003DD378 /* Frameworks */,
				1B7EBEF82021128E003DD378 /* Resources */,
				530F7134FBCDCC18C5D08B60 /* [CP] Embed Pods Frameworks */,
				F4EE628BAB1B61C2741E6353 /* [CP] Copy Pods Resources */,
			);
			buildRules = (
			);
			dependencies = (
				1B7EBEFC2021128E003DD378 /* PBXTargetDependency */,
			);
			name = FlixTests;
			productName = FlixTests;
			productReference = 1B7EBEFA2021128E003DD378 /* FlixTests.xctest */;
			productType = "com.apple.product-type.bundle.unit-test";
		};
		1B7EBF042021128E003DD378 /* FlixUITests */ = {
			isa = PBXNativeTarget;
			buildConfigurationList = 1B7EBF142021128E003DD378 /* Build configuration list for PBXNativeTarget "FlixUITests" */;
			buildPhases = (
				61EF893F3B9D4841AA3DE320 /* [CP] Check Pods Manifest.lock */,
				1B7EBF012021128E003DD378 /* Sources */,
				1B7EBF022021128E003DD378 /* Frameworks */,
				1B7EBF032021128E003DD378 /* Resources */,
				CAF0A7B148E182D83DFFE66D /* [CP] Embed Pods Frameworks */,
				E40F972BDFEB76BD9B72D28C /* [CP] Copy Pods Resources */,
			);
			buildRules = (
			);
			dependencies = (
				1B7EBF072021128E003DD378 /* PBXTargetDependency */,
			);
			name = FlixUITests;
			productName = FlixUITests;
			productReference = 1B7EBF052021128E003DD378 /* FlixUITests.xctest */;
			productType = "com.apple.product-type.bundle.ui-testing";
		};
/* End PBXNativeTarget section */

/* Begin PBXProject section */
		1B7EBEDE2021128E003DD378 /* Project object */ = {
			isa = PBXProject;
			attributes = {
				LastSwiftUpdateCheck = 0920;
				LastUpgradeCheck = 0920;
				ORGANIZATIONNAME = "TiAuna Dodd";
				TargetAttributes = {
					1B7EBEE52021128E003DD378 = {
						CreatedOnToolsVersion = 9.2;
						ProvisioningStyle = Automatic;
					};
					1B7EBEF92021128E003DD378 = {
						CreatedOnToolsVersion = 9.2;
						ProvisioningStyle = Automatic;
						TestTargetID = 1B7EBEE52021128E003DD378;
					};
					1B7EBF042021128E003DD378 = {
						CreatedOnToolsVersion = 9.2;
						ProvisioningStyle = Automatic;
						TestTargetID = 1B7EBEE52021128E003DD378;
					};
				};
			};
			buildConfigurationList = 1B7EBEE12021128E003DD378 /* Build configuration list for PBXProject "Flix" */;
			compatibilityVersion = "Xcode 8.0";
			developmentRegion = en;
			hasScannedForEncodings = 0;
			knownRegions = (
				en,
				Base,
			);
			mainGroup = 1B7EBEDD2021128E003DD378;
			productRefGroup = 1B7EBEE72021128E003DD378 /* Products */;
			projectDirPath = "";
			projectRoot = "";
			targets = (
				1B7EBEE52021128E003DD378 /* Flix */,
				1B7EBEF92021128E003DD378 /* FlixTests */,
				1B7EBF042021128E003DD378 /* FlixUITests */,
			);
		};
/* End PBXProject section */

/* Begin PBXResourcesBuildPhase section */
		1B7EBEE42021128E003DD378 /* Resources */ = {
			isa = PBXResourcesBuildPhase;
			buildActionMask = 2147483647;
			files = (
				1B7EBEF42021128E003DD378 /* LaunchScreen.storyboard in Resources */,
				1B7EBEF12021128E003DD378 /* Assets.xcassets in Resources */,
				1B7EBEEF2021128E003DD378 /* Main.storyboard in Resources */,
			);
			runOnlyForDeploymentPostprocessing = 0;
		};
		1B7EBEF82021128E003DD378 /* Resources */ = {
			isa = PBXResourcesBuildPhase;
			buildActionMask = 2147483647;
			files = (
			);
			runOnlyForDeploymentPostprocessing = 0;
		};
		1B7EBF032021128E003DD378 /* Resources */ = {
			isa = PBXResourcesBuildPhase;
			buildActionMask = 2147483647;
			files = (
			);
			runOnlyForDeploymentPostprocessing = 0;
		};
/* End PBXResourcesBuildPhase section */

/* Begin PBXShellScriptBuildPhase section */
		0A38111769EF8837F2136A7B /* [CP] Check Pods Manifest.lock */ = {
			isa = PBXShellScriptBuildPhase;
			buildActionMask = 2147483647;
			files = (
			);
			inputPaths = (
				"${PODS_PODFILE_DIR_PATH}/Podfile.lock",
				"${PODS_ROOT}/Manifest.lock",
			);
			name = "[CP] Check Pods Manifest.lock";
			outputPaths = (
				"$(DERIVED_FILE_DIR)/Pods-Flix-checkManifestLockResult.txt",
			);
			runOnlyForDeploymentPostprocessing = 0;
			shellPath = /bin/sh;
			shellScript = "diff \"${PODS_PODFILE_DIR_PATH}/Podfile.lock\" \"${PODS_ROOT}/Manifest.lock\" > /dev/null\nif [ $? != 0 ] ; then\n    # print error to STDERR\n    echo \"error: The sandbox is not in sync with the Podfile.lock. Run 'pod install' or update your CocoaPods installation.\" >&2\n    exit 1\nfi\n# This output is used by Xcode 'outputs' to avoid re-running this script phase.\necho \"SUCCESS\" > \"${SCRIPT_OUTPUT_FILE_0}\"\n";
			showEnvVarsInLog = 0;
		};
		0D8703867C4214F5BF91FADD /* [CP] Check Pods Manifest.lock */ = {
			isa = PBXShellScriptBuildPhase;
			buildActionMask = 2147483647;
			files = (
			);
			inputPaths = (
				"${PODS_PODFILE_DIR_PATH}/Podfile.lock",
				"${PODS_ROOT}/Manifest.lock",
			);
			name = "[CP] Check Pods Manifest.lock";
			outputPaths = (
				"$(DERIVED_FILE_DIR)/Pods-FlixTests-checkManifestLockResult.txt",
			);
			runOnlyForDeploymentPostprocessing = 0;
			shellPath = /bin/sh;
			shellScript = "diff \"${PODS_PODFILE_DIR_PATH}/Podfile.lock\" \"${PODS_ROOT}/Manifest.lock\" > /dev/null\nif [ $? != 0 ] ; then\n    # print error to STDERR\n    echo \"error: The sandbox is not in sync with the Podfile.lock. Run 'pod install' or update your CocoaPods installation.\" >&2\n    exit 1\nfi\n# This output is used by Xcode 'outputs' to avoid re-running this script phase.\necho \"SUCCESS\" > \"${SCRIPT_OUTPUT_FILE_0}\"\n";
			showEnvVarsInLog = 0;
		};
		2911CB1BB65E12EABC3F6749 /* [CP] Copy Pods Resources */ = {
			isa = PBXShellScriptBuildPhase;
			buildActionMask = 2147483647;
			files = (
			);
			inputPaths = (
			);
			name = "[CP] Copy Pods Resources";
			outputPaths = (
			);
			runOnlyForDeploymentPostprocessing = 0;
			shellPath = /bin/sh;
			shellScript = "\"${SRCROOT}/Pods/Target Support Files/Pods-Flix/Pods-Flix-resources.sh\"\n";
			showEnvVarsInLog = 0;
		};
		530F7134FBCDCC18C5D08B60 /* [CP] Embed Pods Frameworks */ = {
			isa = PBXShellScriptBuildPhase;
			buildActionMask = 2147483647;
			files = (
			);
			inputPaths = (
			);
			name = "[CP] Embed Pods Frameworks";
			outputPaths = (
			);
			runOnlyForDeploymentPostprocessing = 0;
			shellPath = /bin/sh;
			shellScript = "\"${SRCROOT}/Pods/Target Support Files/Pods-FlixTests/Pods-FlixTests-frameworks.sh\"\n";
			showEnvVarsInLog = 0;
		};
		61EF893F3B9D4841AA3DE320 /* [CP] Check Pods Manifest.lock */ = {
			isa = PBXShellScriptBuildPhase;
			buildActionMask = 2147483647;
			files = (
			);
			inputPaths = (
				"${PODS_PODFILE_DIR_PATH}/Podfile.lock",
				"${PODS_ROOT}/Manifest.lock",
			);
			name = "[CP] Check Pods Manifest.lock";
			outputPaths = (
				"$(DERIVED_FILE_DIR)/Pods-FlixUITests-checkManifestLockResult.txt",
			);
			runOnlyForDeploymentPostprocessing = 0;
			shellPath = /bin/sh;
			shellScript = "diff \"${PODS_PODFILE_DIR_PATH}/Podfile.lock\" \"${PODS_ROOT}/Manifest.lock\" > /dev/null\nif [ $? != 0 ] ; then\n    # print error to STDERR\n    echo \"error: The sandbox is not in sync with the Podfile.lock. Run 'pod install' or update your CocoaPods installation.\" >&2\n    exit 1\nfi\n# This output is used by Xcode 'outputs' to avoid re-running this script phase.\necho \"SUCCESS\" > \"${SCRIPT_OUTPUT_FILE_0}\"\n";
			showEnvVarsInLog = 0;
		};
		BAD9B912AA035BA84AA857A3 /* [CP] Embed Pods Frameworks */ = {
			isa = PBXShellScriptBuildPhase;
			buildActionMask = 2147483647;
			files = (
			);
			inputPaths = (
				"${SRCROOT}/Pods/Target Support Files/Pods-Flix/Pods-Flix-frameworks.sh",
				"${BUILT_PRODUCTS_DIR}/Alamofire/Alamofire.framework",
				"${BUILT_PRODUCTS_DIR}/AlamofireImage/AlamofireImage.framework",
			);
			name = "[CP] Embed Pods Frameworks";
			outputPaths = (
				"${TARGET_BUILD_DIR}/${FRAMEWORKS_FOLDER_PATH}/Alamofire.framework",
				"${TARGET_BUILD_DIR}/${FRAMEWORKS_FOLDER_PATH}/AlamofireImage.framework",
			);
			runOnlyForDeploymentPostprocessing = 0;
			shellPath = /bin/sh;
			shellScript = "\"${SRCROOT}/Pods/Target Support Files/Pods-Flix/Pods-Flix-frameworks.sh\"\n";
			showEnvVarsInLog = 0;
		};
		CAF0A7B148E182D83DFFE66D /* [CP] Embed Pods Frameworks */ = {
			isa = PBXShellScriptBuildPhase;
			buildActionMask = 2147483647;
			files = (
			);
			inputPaths = (
			);
			name = "[CP] Embed Pods Frameworks";
			outputPaths = (
			);
			runOnlyForDeploymentPostprocessing = 0;
			shellPath = /bin/sh;
			shellScript = "\"${SRCROOT}/Pods/Target Support Files/Pods-FlixUITests/Pods-FlixUITests-frameworks.sh\"\n";
			showEnvVarsInLog = 0;
		};
		E40F972BDFEB76BD9B72D28C /* [CP] Copy Pods Resources */ = {
			isa = PBXShellScriptBuildPhase;
			buildActionMask = 2147483647;
			files = (
			);
			inputPaths = (
			);
			name = "[CP] Copy Pods Resources";
			outputPaths = (
			);
			runOnlyForDeploymentPostprocessing = 0;
			shellPath = /bin/sh;
			shellScript = "\"${SRCROOT}/Pods/Target Support Files/Pods-FlixUITests/Pods-FlixUITests-resources.sh\"\n";
			showEnvVarsInLog = 0;
		};
		F4EE628BAB1B61C2741E6353 /* [CP] Copy Pods Resources */ = {
			isa = PBXShellScriptBuildPhase;
			buildActionMask = 2147483647;
			files = (
			);
			inputPaths = (
			);
			name = "[CP] Copy Pods Resources";
			outputPaths = (
			);
			runOnlyForDeploymentPostprocessing = 0;
			shellPath = /bin/sh;
			shellScript = "\"${SRCROOT}/Pods/Target Support Files/Pods-FlixTests/Pods-FlixTests-resources.sh\"\n";
			showEnvVarsInLog = 0;
		};
/* End PBXShellScriptBuildPhase section */

/* Begin PBXSourcesBuildPhase section */
		1B7EBEE22021128E003DD378 /* Sources */ = {
			isa = PBXSourcesBuildPhase;
			buildActionMask = 2147483647;
			files = (
				1B7EBF8E2026F592003DD378 /* NowPlayingViewController.swift in Sources */,
				1BA421132030E3BD003B1055 /* PosterCell.swift in Sources */,
				1BA421152030E508003B1055 /* SuperheroViewController.swift in Sources */,
				1B6EF1A12027D21E002605BC /* MovieCell.swift in Sources */,
				1BA4215120313052003B1055 /* DetailViewController2.swift in Sources */,
				1B7EBEEA2021128E003DD378 /* AppDelegate.swift in Sources */,
				1BA42111203014CC003B1055 /* DetailViewController.swift in Sources */,
			);
			runOnlyForDeploymentPostprocessing = 0;
		};
		1B7EBEF62021128E003DD378 /* Sources */ = {
			isa = PBXSourcesBuildPhase;
			buildActionMask = 2147483647;
			files = (
				1B7EBEFF2021128E003DD378 /* FlixTests.swift in Sources */,
			);
			runOnlyForDeploymentPostprocessing = 0;
		};
		1B7EBF012021128E003DD378 /* Sources */ = {
			isa = PBXSourcesBuildPhase;
			buildActionMask = 2147483647;
			files = (
				1B7EBF0A2021128E003DD378 /* FlixUITests.swift in Sources */,
			);
			runOnlyForDeploymentPostprocessing = 0;
		};
/* End PBXSourcesBuildPhase section */

/* Begin PBXTargetDependency section */
		1B7EBEFC2021128E003DD378 /* PBXTargetDependency */ = {
			isa = PBXTargetDependency;
			target = 1B7EBEE52021128E003DD378 /* Flix */;
			targetProxy = 1B7EBEFB2021128E003DD378 /* PBXContainerItemProxy */;
		};
		1B7EBF072021128E003DD378 /* PBXTargetDependency */ = {
			isa = PBXTargetDependency;
			target = 1B7EBEE52021128E003DD378 /* Flix */;
			targetProxy = 1B7EBF062021128E003DD378 /* PBXContainerItemProxy */;
		};
/* End PBXTargetDependency section */

/* Begin PBXVariantGroup section */
		1B7EBEED2021128E003DD378 /* Main.storyboard */ = {
			isa = PBXVariantGroup;
			children = (
				1B7EBEEE2021128E003DD378 /* Base */,
			);
			name = Main.storyboard;
			sourceTree = "<group>";
		};
		1B7EBEF22021128E003DD378 /* LaunchScreen.storyboard */ = {
			isa = PBXVariantGroup;
			children = (
				1B7EBEF32021128E003DD378 /* Base */,
			);
			name = LaunchScreen.storyboard;
			sourceTree = "<group>";
		};
/* End PBXVariantGroup section */

/* Begin XCBuildConfiguration section */
		1B7EBF0C2021128E003DD378 /* Debug */ = {
			isa = XCBuildConfiguration;
			buildSettings = {
				ALWAYS_SEARCH_USER_PATHS = NO;
				CLANG_ANALYZER_NONNULL = YES;
				CLANG_ANALYZER_NUMBER_OBJECT_CONVERSION = YES_AGGRESSIVE;
				CLANG_CXX_LANGUAGE_STANDARD = "gnu++14";
				CLANG_CXX_LIBRARY = "libc++";
				CLANG_ENABLE_MODULES = YES;
				CLANG_ENABLE_OBJC_ARC = YES;
				CLANG_WARN_BLOCK_CAPTURE_AUTORELEASING = YES;
				CLANG_WARN_BOOL_CONVERSION = YES;
				CLANG_WARN_COMMA = YES;
				CLANG_WARN_CONSTANT_CONVERSION = YES;
				CLANG_WARN_DIRECT_OBJC_ISA_USAGE = YES_ERROR;
				CLANG_WARN_DOCUMENTATION_COMMENTS = YES;
				CLANG_WARN_EMPTY_BODY = YES;
				CLANG_WARN_ENUM_CONVERSION = YES;
				CLANG_WARN_INFINITE_RECURSION = YES;
				CLANG_WARN_INT_CONVERSION = YES;
				CLANG_WARN_NON_LITERAL_NULL_CONVERSION = YES;
				CLANG_WARN_OBJC_LITERAL_CONVERSION = YES;
				CLANG_WARN_OBJC_ROOT_CLASS = YES_ERROR;
				CLANG_WARN_RANGE_LOOP_ANALYSIS = YES;
				CLANG_WARN_STRICT_PROTOTYPES = YES;
				CLANG_WARN_SUSPICIOUS_MOVE = YES;
				CLANG_WARN_UNGUARDED_AVAILABILITY = YES_AGGRESSIVE;
				CLANG_WARN_UNREACHABLE_CODE = YES;
				CLANG_WARN__DUPLICATE_METHOD_MATCH = YES;
				CODE_SIGN_IDENTITY = "iPhone Developer";
				COPY_PHASE_STRIP = NO;
				DEBUG_INFORMATION_FORMAT = dwarf;
				ENABLE_STRICT_OBJC_MSGSEND = YES;
				ENABLE_TESTABILITY = YES;
				GCC_C_LANGUAGE_STANDARD = gnu11;
				GCC_DYNAMIC_NO_PIC = NO;
				GCC_NO_COMMON_BLOCKS = YES;
				GCC_OPTIMIZATION_LEVEL = 0;
				GCC_PREPROCESSOR_DEFINITIONS = (
					"DEBUG=1",
					"$(inherited)",
				);
				GCC_WARN_64_TO_32_BIT_CONVERSION = YES;
				GCC_WARN_ABOUT_RETURN_TYPE = YES_ERROR;
				GCC_WARN_UNDECLARED_SELECTOR = YES;
				GCC_WARN_UNINITIALIZED_AUTOS = YES_AGGRESSIVE;
				GCC_WARN_UNUSED_FUNCTION = YES;
				GCC_WARN_UNUSED_VARIABLE = YES;
				IPHONEOS_DEPLOYMENT_TARGET = 11.2;
				MTL_ENABLE_DEBUG_INFO = YES;
				ONLY_ACTIVE_ARCH = YES;
				SDKROOT = iphoneos;
				SWIFT_ACTIVE_COMPILATION_CONDITIONS = DEBUG;
				SWIFT_OPTIMIZATION_LEVEL = "-Onone";
			};
			name = Debug;
		};
		1B7EBF0D2021128E003DD378 /* Release */ = {
			isa = XCBuildConfiguration;
			buildSettings = {
				ALWAYS_SEARCH_USER_PATHS = NO;
				CLANG_ANALYZER_NONNULL = YES;
				CLANG_ANALYZER_NUMBER_OBJECT_CONVERSION = YES_AGGRESSIVE;
				CLANG_CXX_LANGUAGE_STANDARD = "gnu++14";
				CLANG_CXX_LIBRARY = "libc++";
				CLANG_ENABLE_MODULES = YES;
				CLANG_ENABLE_OBJC_ARC = YES;
				CLANG_WARN_BLOCK_CAPTURE_AUTORELEASING = YES;
				CLANG_WARN_BOOL_CONVERSION = YES;
				CLANG_WARN_COMMA = YES;
				CLANG_WARN_CONSTANT_CONVERSION = YES;
				CLANG_WARN_DIRECT_OBJC_ISA_USAGE = YES_ERROR;
				CLANG_WARN_DOCUMENTATION_COMMENTS = YES;
				CLANG_WARN_EMPTY_BODY = YES;
				CLANG_WARN_ENUM_CONVERSION = YES;
				CLANG_WARN_INFINITE_RECURSION = YES;
				CLANG_WARN_INT_CONVERSION = YES;
				CLANG_WARN_NON_LITERAL_NULL_CONVERSION = YES;
				CLANG_WARN_OBJC_LITERAL_CONVERSION = YES;
				CLANG_WARN_OBJC_ROOT_CLASS = YES_ERROR;
				CLANG_WARN_RANGE_LOOP_ANALYSIS = YES;
				CLANG_WARN_STRICT_PROTOTYPES = YES;
				CLANG_WARN_SUSPICIOUS_MOVE = YES;
				CLANG_WARN_UNGUARDED_AVAILABILITY = YES_AGGRESSIVE;
				CLANG_WARN_UNREACHABLE_CODE = YES;
				CLANG_WARN__DUPLICATE_METHOD_MATCH = YES;
				CODE_SIGN_IDENTITY = "iPhone Developer";
				COPY_PHASE_STRIP = NO;
				DEBUG_INFORMATION_FORMAT = "dwarf-with-dsym";
				ENABLE_NS_ASSERTIONS = NO;
				ENABLE_STRICT_OBJC_MSGSEND = YES;
				GCC_C_LANGUAGE_STANDARD = gnu11;
				GCC_NO_COMMON_BLOCKS = YES;
				GCC_WARN_64_TO_32_BIT_CONVERSION = YES;
				GCC_WARN_ABOUT_RETURN_TYPE = YES_ERROR;
				GCC_WARN_UNDECLARED_SELECTOR = YES;
				GCC_WARN_UNINITIALIZED_AUTOS = YES_AGGRESSIVE;
				GCC_WARN_UNUSED_FUNCTION = YES;
				GCC_WARN_UNUSED_VARIABLE = YES;
				IPHONEOS_DEPLOYMENT_TARGET = 11.2;
				MTL_ENABLE_DEBUG_INFO = NO;
				SDKROOT = iphoneos;
				SWIFT_OPTIMIZATION_LEVEL = "-Owholemodule";
				VALIDATE_PRODUCT = YES;
			};
			name = Release;
		};
		1B7EBF0F2021128E003DD378 /* Debug */ = {
			isa = XCBuildConfiguration;
			baseConfigurationReference = 344F45FF4E92286D40883C19 /* Pods-Flix.debug.xcconfig */;
			buildSettings = {
				ASSETCATALOG_COMPILER_APPICON_NAME = AppIcon;
				CODE_SIGN_STYLE = Automatic;
				DEVELOPMENT_TEAM = 8YMY78J73V;
				INFOPLIST_FILE = Flix/Info.plist;
				LD_RUNPATH_SEARCH_PATHS = "$(inherited) @executable_path/Frameworks";
				PRODUCT_BUNDLE_IDENTIFIER = CodePath.Flix;
				PRODUCT_NAME = "$(TARGET_NAME)";
				SWIFT_VERSION = 4.0;
				TARGETED_DEVICE_FAMILY = "1,2";
			};
			name = Debug;
		};
		1B7EBF102021128E003DD378 /* Release */ = {
			isa = XCBuildConfiguration;
			baseConfigurationReference = A452A50DC368BA7A15DFF0DA /* Pods-Flix.release.xcconfig */;
			buildSettings = {
				ASSETCATALOG_COMPILER_APPICON_NAME = AppIcon;
				CODE_SIGN_STYLE = Automatic;
				DEVELOPMENT_TEAM = 8YMY78J73V;
				INFOPLIST_FILE = Flix/Info.plist;
				LD_RUNPATH_SEARCH_PATHS = "$(inherited) @executable_path/Frameworks";
				PRODUCT_BUNDLE_IDENTIFIER = CodePath.Flix;
				PRODUCT_NAME = "$(TARGET_NAME)";
				SWIFT_VERSION = 4.0;
				TARGETED_DEVICE_FAMILY = "1,2";
			};
			name = Release;
		};
		1B7EBF122021128E003DD378 /* Debug */ = {
			isa = XCBuildConfiguration;
			baseConfigurationReference = E83F8656895511AD019F5EBC /* Pods-FlixTests.debug.xcconfig */;
			buildSettings = {
				ALWAYS_EMBED_SWIFT_STANDARD_LIBRARIES = YES;
				BUNDLE_LOADER = "$(TEST_HOST)";
				CODE_SIGN_STYLE = Automatic;
				INFOPLIST_FILE = FlixTests/Info.plist;
				LD_RUNPATH_SEARCH_PATHS = "$(inherited) @executable_path/Frameworks @loader_path/Frameworks";
				PRODUCT_BUNDLE_IDENTIFIER = tiaunad.FlixTests;
				PRODUCT_NAME = "$(TARGET_NAME)";
				SWIFT_VERSION = 4.0;
				TARGETED_DEVICE_FAMILY = "1,2";
				TEST_HOST = "$(BUILT_PRODUCTS_DIR)/Flix.app/Flix";
			};
			name = Debug;
		};
		1B7EBF132021128E003DD378 /* Release */ = {
			isa = XCBuildConfiguration;
			baseConfigurationReference = 9837E4EE372AEAA5BC113786 /* Pods-FlixTests.release.xcconfig */;
			buildSettings = {
				ALWAYS_EMBED_SWIFT_STANDARD_LIBRARIES = YES;
				BUNDLE_LOADER = "$(TEST_HOST)";
				CODE_SIGN_STYLE = Automatic;
				INFOPLIST_FILE = FlixTests/Info.plist;
				LD_RUNPATH_SEARCH_PATHS = "$(inherited) @executable_path/Frameworks @loader_path/Frameworks";
				PRODUCT_BUNDLE_IDENTIFIER = tiaunad.FlixTests;
				PRODUCT_NAME = "$(TARGET_NAME)";
				SWIFT_VERSION = 4.0;
				TARGETED_DEVICE_FAMILY = "1,2";
				TEST_HOST = "$(BUILT_PRODUCTS_DIR)/Flix.app/Flix";
			};
			name = Release;
		};
		1B7EBF152021128E003DD378 /* Debug */ = {
			isa = XCBuildConfiguration;
			baseConfigurationReference = 9A81467F7E40F1C7A6823659 /* Pods-FlixUITests.debug.xcconfig */;
			buildSettings = {
				ALWAYS_EMBED_SWIFT_STANDARD_LIBRARIES = YES;
				CODE_SIGN_STYLE = Automatic;
				INFOPLIST_FILE = FlixUITests/Info.plist;
				LD_RUNPATH_SEARCH_PATHS = "$(inherited) @executable_path/Frameworks @loader_path/Frameworks";
				PRODUCT_BUNDLE_IDENTIFIER = tiaunad.FlixUITests;
				PRODUCT_NAME = "$(TARGET_NAME)";
				SWIFT_VERSION = 4.0;
				TARGETED_DEVICE_FAMILY = "1,2";
				TEST_TARGET_NAME = Flix;
			};
			name = Debug;
		};
		1B7EBF162021128E003DD378 /* Release */ = {
			isa = XCBuildConfiguration;
			baseConfigurationReference = 5FB8E1241E02508A56C40969 /* Pods-FlixUITests.release.xcconfig */;
			buildSettings = {
				ALWAYS_EMBED_SWIFT_STANDARD_LIBRARIES = YES;
				CODE_SIGN_STYLE = Automatic;
				INFOPLIST_FILE = FlixUITests/Info.plist;
				LD_RUNPATH_SEARCH_PATHS = "$(inherited) @executable_path/Frameworks @loader_path/Frameworks";
				PRODUCT_BUNDLE_IDENTIFIER = tiaunad.FlixUITests;
				PRODUCT_NAME = "$(TARGET_NAME)";
				SWIFT_VERSION = 4.0;
				TARGETED_DEVICE_FAMILY = "1,2";
				TEST_TARGET_NAME = Flix;
			};
			name = Release;
		};
/* End XCBuildConfiguration section */

/* Begin XCConfigurationList section */
		1B7EBEE12021128E003DD378 /* Build configuration list for PBXProject "Flix" */ = {
			isa = XCConfigurationList;
			buildConfigurations = (
				1B7EBF0C2021128E003DD378 /* Debug */,
				1B7EBF0D2021128E003DD378 /* Release */,
			);
			defaultConfigurationIsVisible = 0;
			defaultConfigurationName = Release;
		};
		1B7EBF0E2021128E003DD378 /* Build configuration list for PBXNativeTarget "Flix" */ = {
			isa = XCConfigurationList;
			buildConfigurations = (
				1B7EBF0F2021128E003DD378 /* Debug */,
				1B7EBF102021128E003DD378 /* Release */,
			);
			defaultConfigurationIsVisible = 0;
			defaultConfigurationName = Release;
		};
		1B7EBF112021128E003DD378 /* Build configuration list for PBXNativeTarget "FlixTests" */ = {
			isa = XCConfigurationList;
			buildConfigurations = (
				1B7EBF122021128E003DD378 /* Debug */,
				1B7EBF132021128E003DD378 /* Release */,
			);
			defaultConfigurationIsVisible = 0;
			defaultConfigurationName = Release;
		};
		1B7EBF142021128E003DD378 /* Build configuration list for PBXNativeTarget "FlixUITests" */ = {
			isa = XCConfigurationList;
			buildConfigurations = (
				1B7EBF152021128E003DD378 /* Debug */,
				1B7EBF162021128E003DD378 /* Release */,
			);
			defaultConfigurationIsVisible = 0;
			defaultConfigurationName = Release;
		};
/* End XCConfigurationList section */
	};
	rootObject = 1B7EBEDE2021128E003DD378 /* Project object */;
}
